
Microsoft Visual Studio Solution File, Format Version 12.00
# Visual Studio 2012
Project("{FAE04EC0-301F-11D3-BF4B-00C04F79EFBC}") = "WSChat", "WSChat.csproj", "{491F52FF-D9F8-453F-8411-DEE1DD43E6F4}"
EndProject
Project("{FAE04EC0-301F-11D3-BF4B-00C04F79EFBC}") = "WSChatClient", "WSChatClient\WSChatClient.csproj", "{A8999F56-DAFA-4D54-95B7-C147327E860D}"
EndProject
Global
	GlobalSection(SolutionConfigurationPlatforms) = preSolution
		Debug|Any CPU = Debug|Any CPU
		Release|Any CPU = Release|Any CPU
	EndGlobalSection
	GlobalSection(ProjectConfigurationPlatforms) = postSolution
		{491F52FF-D9F8-453F-8411-DEE1DD43E6F4}.Debug|Any CPU.ActiveCfg = Debug|Any CPU
		{491F52FF-D9F8-453F-8411-DEE1DD43E6F4}.Debug|Any CPU.Build.0 = Debug|Any CPU
		{491F52FF-D9F8-453F-8411-DEE1DD43E6F4}.Release|Any CPU.ActiveCfg = Release|Any CPU
		{491F52FF-D9F8-453F-8411-DEE1DD43E6F4}.Release|Any CPU.Build.0 = Release|Any CPU
		{A8999F56-DAFA-4D54-95B7-C147327E860D}.Debug|Any CPU.ActiveCfg = Debug|Any CPU
		{A8999F56-DAFA-4D54-95B7-C147327E860D}.Debug|Any CPU.Build.0 = Debug|Any CPU
		{A8999F56-DAFA-4D54-95B7-C147327E860D}.Release|Any CPU.ActiveCfg = Release|Any CPU
		{A8999F56-DAFA-4D54-95B7-C147327E860D}.Release|Any CPU.Build.0 = Release|Any CPU
	EndGlobalSection
	GlobalSection(SolutionProperties) = preSolution
		HideSolutionNode = FALSE
	EndGlobalSection
EndGlobal
